
Microsoft Visual Studio Solution File, Format Version 12.00
# Visual Studio Version 16
VisualStudioVersion = 16.0.31025.194
MinimumVisualStudioVersion = 10.0.40219.1
Project("{00D1A9C2-B5F0-4AF3-8072-F6C62B433612}") = "SqlServerStorage", "SqlServerStorage\SqlServerStorage.sqlproj", "{332367EB-075D-426C-B2B6-AC5E0F53B189}"
EndProject
Global
	GlobalSection(SolutionConfigurationPlatforms) = preSolution
		Debug|Any CPU = Debug|Any CPU
		Release|Any CPU = Release|Any CPU
	EndGlobalSection
	GlobalSection(ProjectConfigurationPlatforms) = postSolution
		{332367EB-075D-426C-B2B6-AC5E0F53B189}.Debug|Any CPU.ActiveCfg = Debug|Any CPU
		{332367EB-075D-426C-B2B6-AC5E0F53B189}.Debug|Any CPU.Build.0 = Debug|Any CPU
		{332367EB-075D-426C-B2B6-AC5E0F53B189}.Debug|Any CPU.Deploy.0 = Debug|Any CPU
		{332367EB-075D-426C-B2B6-AC5E0F53B189}.Release|Any CPU.ActiveCfg = Release|Any CPU
		{332367EB-075D-426C-B2B6-AC5E0F53B189}.Release|Any CPU.Build.0 = Release|Any CPU
		{332367EB-075D-426C-B2B6-AC5E0F53B189}.Release|Any CPU.Deploy.0 = Release|Any CPU
	EndGlobalSection
	GlobalSection(SolutionProperties) = preSolution
		HideSolutionNode = FALSE
	EndGlobalSection
	GlobalSection(ExtensibilityGlobals) = postSolution
		SolutionGuid = {034E2ECC-C7E1-4657-BB6C-66D47C23E572}
	EndGlobalSection
EndGlobal
